
Microsoft Visual Studio Solution File, Format Version 12.00
# Visual Studio 15
VisualStudioVersion = 15.0.27703.2042
MinimumVisualStudioVersion = 10.0.40219.1
Project("{FAE04EC0-301F-11D3-BF4B-00C04F79EFBC}") = "Master", "Master\Master.csproj", "{5B8A3A70-D1F2-4502-A2FE-B9E68710D92B}"
EndProject
Global
	GlobalSection(SolutionConfigurationPlatforms) = preSolution
		Debug|Any CPU = Debug|Any CPU
		Release|Any CPU = Release|Any CPU
	EndGlobalSection
	GlobalSection(ProjectConfigurationPlatforms) = postSolution
		{5B8A3A70-D1F2-4502-A2FE-B9E68710D92B}.Debug|Any CPU.ActiveCfg = Debug|Any CPU
		{5B8A3A70-D1F2-4502-A2FE-B9E68710D92B}.Debug|Any CPU.Build.0 = Debug|Any CPU
		{5B8A3A70-D1F2-4502-A2FE-B9E68710D92B}.Release|Any CPU.ActiveCfg = Release|Any CPU
		{5B8A3A70-D1F2-4502-A2FE-B9E68710D92B}.Release|Any CPU.Build.0 = Release|Any CPU
	EndGlobalSection
	GlobalSection(SolutionProperties) = preSolution
		HideSolutionNode = FALSE
	EndGlobalSection
	GlobalSection(ExtensibilityGlobals) = postSolution
		SolutionGuid = {E0F62A83-A893-4385-BA33-BE0DEC77B7D6}
	EndGlobalSection
EndGlobal
